PODS:
  - BlocksKit (1.8.2):
    - libffi
  - Kiwi (2.2.1):
    - Kiwi/ARC
    - Kiwi/NonARC
  - Kiwi/ARC (2.2.1)
  - Kiwi/NonARC (2.2.1)
  - libffi (3.0.13)
  - OCMock (2.2.1)
  - PocketAPI (1.0.2)
  - Reachability (3.0.0)
  - Toast (2.0)

DEPENDENCIES:
  - BlocksKit (~> 1.8.2)
  - Kiwi (~> 2.2.1)
  - OCMock (~> 2.2.1)
  - PocketAPI (~> 1.0.2)
  - Reachability (~> 3.0.0)
  - Toast (~> 2.0)

SPEC CHECKSUMS:
  BlocksKit: 7396526b0816734103f6133fbb1a520c8b04e80c
  Kiwi: e6524ba0eaa1b28af7af146bdee5314b32aa3edb
  libffi: 64ef39353e747bb2b25e1026afd96a157bf9231c
  OCMock: 80e4cfbc71a0e1bd28caf10a9fda27da7c4c8402
  PocketAPI: 2ed51391e6ea7a48c707528f782f5a2cb0eab80e
  Reachability: 500bd76bf6cd8ff2c6fb715fc5f44ef6e4c024f2
  Toast: 05f46f9d48ddf6e29193f802b038e4fb41f806fa

COCOAPODS: 0.23.0
