// !$*UTF8*$!
{
	archiveVersion = 1;
	classes = {
	};
	objectVersion = 46;
	objects = {

/* Begin PBXBuildFile section */
		170E327B181BC3FF00ECE98F /* CoreData.framework in Frameworks */ = {isa = PBXBuildFile; fileRef = 17E552CC17D4CF45004E10BE /* CoreData.framework */; };
		17291EC817CF9A6400B44BBE /* Common.strings in Resources */ = {isa = PBXBuildFile; fileRef = 17291EC417CF9A6400B44BBE /* Common.strings */; };
		17291EC917CF9A6400B44BBE /* PocketDetail.strings in Resources */ = {isa = PBXBuildFile; fileRef = 17291EC517CF9A6400B44BBE /* PocketDetail.strings */; };
		17291ECA17CF9A6400B44BBE /* PocketList.strings in Resources */ = {isa = PBXBuildFile; fileRef = 17291EC617CF9A6400B44BBE /* PocketList.strings */; };
		17291ECB17CF9A6400B44BBE /* Welcom.strings in Resources */ = {isa = PBXBuildFile; fileRef = 17291EC717CF9A6400B44BBE /* Welcom.strings */; };
		17291EE317CFA01000B44BBE /* HTMLBodyParser.m in Sources */ = {isa = PBXBuildFile; fileRef = 17291EE217CFA01000B44BBE /* HTMLBodyParser.m */; };
		175264051821597D00D7FFB8 /* CPocket.m in Sources */ = {isa = PBXBuildFile; fileRef = 175264041821597D00D7FFB8 /* CPocket.m */; };
		1778CFAF17D8B5AA00A20E4B /* NSManagedObjectContext+RandomPocket.m in Sources */ = {isa = PBXBuildFile; fileRef = 1778CFAE17D8B5AA00A20E4B /* NSManagedObjectContext+RandomPocket.m */; };
		178290E3181AD1770093718E /* QuartzCore.framework in Frameworks */ = {isa = PBXBuildFile; fileRef = 178290E2181AD1770093718E /* QuartzCore.framework */; };
		178290E5181AD1830093718E /* CFNetwork.framework in Frameworks */ = {isa = PBXBuildFile; fileRef = 178290E4181AD1830093718E /* CFNetwork.framework */; };
		17889F181813B46200E09CC0 /* welcome.jpg in Resources */ = {isa = PBXBuildFile; fileRef = 17889F171813B46200E09CC0 /* welcome.jpg */; };
		178F267A17D307A400993DF9 /* libxml2.dylib in Frameworks */ = {isa = PBXBuildFile; fileRef = 178F267917D307A400993DF9 /* libxml2.dylib */; };
		178F268817D3081800993DF9 /* HTMLNode.m in Sources */ = {isa = PBXBuildFile; fileRef = 178F268517D3081800993DF9 /* HTMLNode.m */; };
		178F268917D3081800993DF9 /* HTMLParser.m in Sources */ = {isa = PBXBuildFile; fileRef = 178F268717D3081800993DF9 /* HTMLParser.m */; };
		17922AAD17D3226200AF2FD3 /* UIPocketList.m in Sources */ = {isa = PBXBuildFile; fileRef = 17922AAC17D3226200AF2FD3 /* UIPocketList.m */; };
		17C09F8A1827664F001435B9 /* UIViewController+RandomPocket.m in Sources */ = {isa = PBXBuildFile; fileRef = 17C09F891827664F001435B9 /* UIViewController+RandomPocket.m */; };
		17C09F8C18278EF4001435B9 /* PocketSwipeView.strings in Resources */ = {isa = PBXBuildFile; fileRef = 17C09F8B18278EF4001435B9 /* PocketSwipeView.strings */; };
		17C09F9118279899001435B9 /* check_icon.png in Resources */ = {isa = PBXBuildFile; fileRef = 17C09F8D18279899001435B9 /* check_icon.png */; };
		17C09F9218279899001435B9 /* check_icon@2x.png in Resources */ = {isa = PBXBuildFile; fileRef = 17C09F8E18279899001435B9 /* check_icon@2x.png */; };
		17C09F9318279899001435B9 /* shuffle_icon.png in Resources */ = {isa = PBXBuildFile; fileRef = 17C09F8F18279899001435B9 /* shuffle_icon.png */; };
		17C09F9418279899001435B9 /* shuffle_icon@2x.png in Resources */ = {isa = PBXBuildFile; fileRef = 17C09F9018279899001435B9 /* shuffle_icon@2x.png */; };
		17CBEFA2182499B5008CF416 /* UIPocketList.m in Sources */ = {isa = PBXBuildFile; fileRef = 17922AAC17D3226200AF2FD3 /* UIPocketList.m */; };
		17CBEFA3182499CE008CF416 /* UIPocket.m in Sources */ = {isa = PBXBuildFile; fileRef = 3268E4D617CBA23600E3D702 /* UIPocket.m */; };
		17DE538A181B903600AB1E8E /* UIPocketListSpec.m in Sources */ = {isa = PBXBuildFile; fileRef = 17DE5389181B903600AB1E8E /* UIPocketListSpec.m */; };
		17E552CD17D4CF45004E10BE /* CoreData.framework in Frameworks */ = {isa = PBXBuildFile; fileRef = 17E552CC17D4CF45004E10BE /* CoreData.framework */; };
		17E552D317D4D096004E10BE /* RandomPocket.xcdatamodeld in Sources */ = {isa = PBXBuildFile; fileRef = 17E552D117D4D096004E10BE /* RandomPocket.xcdatamodeld */; };
		17FF532117E572C300FF3098 /* ActionToPocketOperation.m in Sources */ = {isa = PBXBuildFile; fileRef = 17FF532017E572C300FF3098 /* ActionToPocketOperation.m */; };
		324FEFFB17CCEB2B005B08F4 /* RPColor.m in Sources */ = {isa = PBXBuildFile; fileRef = 324FEFFA17CCEB2B005B08F4 /* RPColor.m */; };
		324FF01D17CE14EF005B08F4 /* PocketListCell.m in Sources */ = {isa = PBXBuildFile; fileRef = 324FF01617CE14EF005B08F4 /* PocketListCell.m */; };
		324FF01E17CE14EF005B08F4 /* PocketListCell.xib in Resources */ = {isa = PBXBuildFile; fileRef = 324FF01717CE14EF005B08F4 /* PocketListCell.xib */; };
		324FF01F17CE14EF005B08F4 /* PocketListViewController.m in Sources */ = {isa = PBXBuildFile; fileRef = 324FF01917CE14EF005B08F4 /* PocketListViewController.m */; };
		324FF02117CE1516005B08F4 /* Main.storyboard in Resources */ = {isa = PBXBuildFile; fileRef = 324FF02017CE1516005B08F4 /* Main.storyboard */; };
		324FF02417CE15A3005B08F4 /* PocketSwipeViewController.m in Sources */ = {isa = PBXBuildFile; fileRef = 324FF02317CE15A3005B08F4 /* PocketSwipeViewController.m */; };
		324FF03717CE3E69005B08F4 /* PocketDetailCell.m in Sources */ = {isa = PBXBuildFile; fileRef = 324FF03517CE3E69005B08F4 /* PocketDetailCell.m */; };
		324FF03817CE3E69005B08F4 /* PocketDetailCell.xib in Resources */ = {isa = PBXBuildFile; fileRef = 324FF03617CE3E69005B08F4 /* PocketDetailCell.xib */; };
		3268E4C117CB935100E3D702 /* WelcomeViewController.m in Sources */ = {isa = PBXBuildFile; fileRef = 3268E4C017CB935100E3D702 /* WelcomeViewController.m */; };
		3268E4CE17CB947900E3D702 /* Welcom.storyboard in Resources */ = {isa = PBXBuildFile; fileRef = 3268E4CD17CB947900E3D702 /* Welcom.storyboard */; };
		3268E4D017CB96E600E3D702 /* InitialStoryboard.storyboard in Resources */ = {isa = PBXBuildFile; fileRef = 3268E4CF17CB96E600E3D702 /* InitialStoryboard.storyboard */; };
		3268E4D717CBA23600E3D702 /* UIPocket.m in Sources */ = {isa = PBXBuildFile; fileRef = 3268E4D617CBA23600E3D702 /* UIPocket.m */; };
		32AF668017C9E63600EF34EC /* Security.framework in Frameworks */ = {isa = PBXBuildFile; fileRef = 32AF667F17C9E63600EF34EC /* Security.framework */; };
		32D0885917C9DE76007C50CD /* UIKit.framework in Frameworks */ = {isa = PBXBuildFile; fileRef = 32D0885817C9DE76007C50CD /* UIKit.framework */; };
		32D0885B17C9DE76007C50CD /* Foundation.framework in Frameworks */ = {isa = PBXBuildFile; fileRef = 32D0885A17C9DE76007C50CD /* Foundation.framework */; };
		32D0885D17C9DE76007C50CD /* CoreGraphics.framework in Frameworks */ = {isa = PBXBuildFile; fileRef = 32D0885C17C9DE76007C50CD /* CoreGraphics.framework */; };
		32D0886317C9DE76007C50CD /* InfoPlist.strings in Resources */ = {isa = PBXBuildFile; fileRef = 32D0886117C9DE76007C50CD /* InfoPlist.strings */; };
		32D0886517C9DE76007C50CD /* main.m in Sources */ = {isa = PBXBuildFile; fileRef = 32D0886417C9DE76007C50CD /* main.m */; };
		32D0886917C9DE76007C50CD /* AppDelegate.m in Sources */ = {isa = PBXBuildFile; fileRef = 32D0886817C9DE76007C50CD /* AppDelegate.m */; };
		32D0886B17C9DE76007C50CD /* Default.png in Resources */ = {isa = PBXBuildFile; fileRef = 32D0886A17C9DE76007C50CD /* Default.png */; };
		32D0886D17C9DE76007C50CD /* Default@2x.png in Resources */ = {isa = PBXBuildFile; fileRef = 32D0886C17C9DE76007C50CD /* Default@2x.png */; };
		32D0886F17C9DE76007C50CD /* Default-568h@2x.png in Resources */ = {isa = PBXBuildFile; fileRef = 32D0886E17C9DE76007C50CD /* Default-568h@2x.png */; };
		32D0888017C9DE76007C50CD /* SenTestingKit.framework in Frameworks */ = {isa = PBXBuildFile; fileRef = 32D0887F17C9DE76007C50CD /* SenTestingKit.framework */; };
		32D0888117C9DE76007C50CD /* UIKit.framework in Frameworks */ = {isa = PBXBuildFile; fileRef = 32D0885817C9DE76007C50CD /* UIKit.framework */; };
		32D0888217C9DE76007C50CD /* Foundation.framework in Frameworks */ = {isa = PBXBuildFile; fileRef = 32D0885A17C9DE76007C50CD /* Foundation.framework */; };
		32D0888A17C9DE76007C50CD /* InfoPlist.strings in Resources */ = {isa = PBXBuildFile; fileRef = 32D0888817C9DE76007C50CD /* InfoPlist.strings */; };
		32D2FB6917D4B85100BD33DF /* GetPocketsOperation.m in Sources */ = {isa = PBXBuildFile; fileRef = 32D2FB6817D4B85100BD33DF /* GetPocketsOperation.m */; };
		4E10A81F0CBD460F918B067C /* libPods.a in Frameworks */ = {isa = PBXBuildFile; fileRef = 5141E4EB3CC44EA19F7FE6C3 /* libPods.a */; };
		5076DD4CA3794CCAB7CBDDA2 /* libPods-RandomPocketTests.a in Frameworks */ = {isa = PBXBuildFile; fileRef = EA0722CABE2C4784B43F43C2 /* libPods-RandomPocketTests.a */; };
/* End PBXBuildFile section */

/* Begin PBXContainerItemProxy section */
		32D0888317C9DE76007C50CD /* PBXContainerItemProxy */ = {
			isa = PBXContainerItemProxy;
			containerPortal = 32D0884D17C9DE76007C50CD /* Project object */;
			proxyType = 1;
			remoteGlobalIDString = 32D0885417C9DE76007C50CD;
			remoteInfo = RandomPocket;
		};
/* End PBXContainerItemProxy section */

/* Begin PBXFileReference section */
		0C6ED4897690439088DDDEE1 /* Pods.xcconfig */ = {isa = PBXFileReference; includeInIndex = 1; lastKnownFileType = text.xcconfig; name = Pods.xcconfig; path = Pods/Pods.xcconfig; sourceTree = SOURCE_ROOT; };
		17291EC417CF9A6400B44BBE /* Common.strings */ = {isa = PBXFileReference; fileEncoding = 4; lastKnownFileType = text.plist.strings; path = Common.strings; sourceTree = "<group>"; };
		17291EC517CF9A6400B44BBE /* PocketDetail.strings */ = {isa = PBXFileReference; fileEncoding = 4; lastKnownFileType = text.plist.strings; path = PocketDetail.strings; sourceTree = "<group>"; };
		17291EC617CF9A6400B44BBE /* PocketList.strings */ = {isa = PBXFileReference; fileEncoding = 4; lastKnownFileType = text.plist.strings; path = PocketList.strings; sourceTree = "<group>"; };
		17291EC717CF9A6400B44BBE /* Welcom.strings */ = {isa = PBXFileReference; fileEncoding = 4; lastKnownFileType = text.plist.strings; path = Welcom.strings; sourceTree = "<group>"; };
		17291ECC17CF9B2D00B44BBE /* RandomPocketCore.h */ = {isa = PBXFileReference; fileEncoding = 4; lastKnownFileType = sourcecode.c.h; path = RandomPocketCore.h; sourceTree = "<group>"; };
		17291EE117CFA01000B44BBE /* HTMLBodyParser.h */ = {isa = PBXFileReference; fileEncoding = 4; lastKnownFileType = sourcecode.c.h; path = HTMLBodyParser.h; sourceTree = "<group>"; };
		17291EE217CFA01000B44BBE /* HTMLBodyParser.m */ = {isa = PBXFileReference; fileEncoding = 4; lastKnownFileType = sourcecode.c.objc; path = HTMLBodyParser.m; sourceTree = "<group>"; };
		175264031821597D00D7FFB8 /* CPocket.h */ = {isa = PBXFileReference; fileEncoding = 4; lastKnownFileType = sourcecode.c.h; path = CPocket.h; sourceTree = "<group>"; };
		175264041821597D00D7FFB8 /* CPocket.m */ = {isa = PBXFileReference; fileEncoding = 4; lastKnownFileType = sourcecode.c.objc; path = CPocket.m; sourceTree = "<group>"; };
		1778CFAD17D8B5A900A20E4B /* NSManagedObjectContext+RandomPocket.h */ = {isa = PBXFileReference; fileEncoding = 4; lastKnownFileType = sourcecode.c.h; path = "NSManagedObjectContext+RandomPocket.h"; sourceTree = "<group>"; };
		1778CFAE17D8B5AA00A20E4B /* NSManagedObjectContext+RandomPocket.m */ = {isa = PBXFileReference; fileEncoding = 4; lastKnownFileType = sourcecode.c.objc; path = "NSManagedObjectContext+RandomPocket.m"; sourceTree = "<group>"; };
		178290E2181AD1770093718E /* QuartzCore.framework */ = {isa = PBXFileReference; lastKnownFileType = wrapper.framework; name = QuartzCore.framework; path = System/Library/Frameworks/QuartzCore.framework; sourceTree = SDKROOT; };
		178290E4181AD1830093718E /* CFNetwork.framework */ = {isa = PBXFileReference; lastKnownFileType = wrapper.framework; name = CFNetwork.framework; path = System/Library/Frameworks/CFNetwork.framework; sourceTree = SDKROOT; };
		17889F171813B46200E09CC0 /* welcome.jpg */ = {isa = PBXFileReference; lastKnownFileType = image.jpeg; path = welcome.jpg; sourceTree = "<group>"; };
		178F267917D307A400993DF9 /* libxml2.dylib */ = {isa = PBXFileReference; lastKnownFileType = "compiled.mach-o.dylib"; name = libxml2.dylib; path = usr/lib/libxml2.dylib; sourceTree = SDKROOT; };
		178F268417D3081800993DF9 /* HTMLNode.h */ = {isa = PBXFileReference; fileEncoding = 4; lastKnownFileType = sourcecode.c.h; path = HTMLNode.h; sourceTree = "<group>"; };
		178F268517D3081800993DF9 /* HTMLNode.m */ = {isa = PBXFileReference; fileEncoding = 4; lastKnownFileType = sourcecode.c.objc; path = HTMLNode.m; sourceTree = "<group>"; };
		178F268617D3081800993DF9 /* HTMLParser.h */ = {isa = PBXFileReference; fileEncoding = 4; lastKnownFileType = sourcecode.c.h; path = HTMLParser.h; sourceTree = "<group>"; };
		178F268717D3081800993DF9 /* HTMLParser.m */ = {isa = PBXFileReference; fileEncoding = 4; lastKnownFileType = sourcecode.c.objc; path = HTMLParser.m; sourceTree = "<group>"; };
		17922AAC17D3226200AF2FD3 /* UIPocketList.m */ = {isa = PBXFileReference; fileEncoding = 4; lastKnownFileType = sourcecode.c.objc; path = UIPocketList.m; sourceTree = "<group>"; };
		17C09F881827664F001435B9 /* UIViewController+RandomPocket.h */ = {isa = PBXFileReference; fileEncoding = 4; lastKnownFileType = sourcecode.c.h; path = "UIViewController+RandomPocket.h"; sourceTree = "<group>"; };
		17C09F891827664F001435B9 /* UIViewController+RandomPocket.m */ = {isa = PBXFileReference; fileEncoding = 4; lastKnownFileType = sourcecode.c.objc; path = "UIViewController+RandomPocket.m"; sourceTree = "<group>"; };
		17C09F8B18278EF4001435B9 /* PocketSwipeView.strings */ = {isa = PBXFileReference; fileEncoding = 4; lastKnownFileType = text.plist.strings; path = PocketSwipeView.strings; sourceTree = "<group>"; };
		17C09F8D18279899001435B9 /* check_icon.png */ = {isa = PBXFileReference; lastKnownFileType = image.png; path = check_icon.png; sourceTree = "<group>"; };
		17C09F8E18279899001435B9 /* check_icon@2x.png */ = {isa = PBXFileReference; lastKnownFileType = image.png; path = "check_icon@2x.png"; sourceTree = "<group>"; };
		17C09F8F18279899001435B9 /* shuffle_icon.png */ = {isa = PBXFileReference; lastKnownFileType = image.png; path = shuffle_icon.png; sourceTree = "<group>"; };
		17C09F9018279899001435B9 /* shuffle_icon@2x.png */ = {isa = PBXFileReference; lastKnownFileType = image.png; path = "shuffle_icon@2x.png"; sourceTree = "<group>"; };
		17DE5389181B903600AB1E8E /* UIPocketListSpec.m */ = {isa = PBXFileReference; fileEncoding = 4; lastKnownFileType = sourcecode.c.objc; path = UIPocketListSpec.m; sourceTree = "<group>"; };
		17E552CC17D4CF45004E10BE /* CoreData.framework */ = {isa = PBXFileReference; lastKnownFileType = wrapper.framework; name = CoreData.framework; path = System/Library/Frameworks/CoreData.framework; sourceTree = SDKROOT; };
		17E552D217D4D096004E10BE /* RandomPocket.xcdatamodel */ = {isa = PBXFileReference; lastKnownFileType = wrapper.xcdatamodel; path = RandomPocket.xcdatamodel; sourceTree = "<group>"; };
		17FF531F17E572C300FF3098 /* ActionToPocketOperation.h */ = {isa = PBXFileReference; fileEncoding = 4; lastKnownFileType = sourcecode.c.h; path = ActionToPocketOperation.h; sourceTree = "<group>"; };
		17FF532017E572C300FF3098 /* ActionToPocketOperation.m */ = {isa = PBXFileReference; fileEncoding = 4; lastKnownFileType = sourcecode.c.objc; path = ActionToPocketOperation.m; sourceTree = "<group>"; };
		324FEFF917CCEB2B005B08F4 /* RPColor.h */ = {isa = PBXFileReference; fileEncoding = 4; lastKnownFileType = sourcecode.c.h; path = RPColor.h; sourceTree = "<group>"; };
		324FEFFA17CCEB2B005B08F4 /* RPColor.m */ = {isa = PBXFileReference; fileEncoding = 4; lastKnownFileType = sourcecode.c.objc; path = RPColor.m; sourceTree = "<group>"; };
		324FF01517CE14EF005B08F4 /* PocketListCell.h */ = {isa = PBXFileReference; fileEncoding = 4; lastKnownFileType = sourcecode.c.h; path = PocketListCell.h; sourceTree = "<group>"; };
		324FF01617CE14EF005B08F4 /* PocketListCell.m */ = {isa = PBXFileReference; fileEncoding = 4; lastKnownFileType = sourcecode.c.objc; path = PocketListCell.m; sourceTree = "<group>"; };
		324FF01717CE14EF005B08F4 /* PocketListCell.xib */ = {isa = PBXFileReference; fileEncoding = 4; lastKnownFileType = file.xib; path = PocketListCell.xib; sourceTree = "<group>"; };
		324FF01817CE14EF005B08F4 /* PocketListViewController.h */ = {isa = PBXFileReference; fileEncoding = 4; lastKnownFileType = sourcecode.c.h; path = PocketListViewController.h; sourceTree = "<group>"; };
		324FF01917CE14EF005B08F4 /* PocketListViewController.m */ = {isa = PBXFileReference; fileEncoding = 4; lastKnownFileType = sourcecode.c.objc; path = PocketListViewController.m; sourceTree = "<group>"; };
		324FF02017CE1516005B08F4 /* Main.storyboard */ = {isa = PBXFileReference; fileEncoding = 4; lastKnownFileType = file.storyboard; path = Main.storyboard; sourceTree = "<group>"; };
		324FF02217CE15A3005B08F4 /* PocketSwipeViewController.h */ = {isa = PBXFileReference; fileEncoding = 4; lastKnownFileType = sourcecode.c.h; path = PocketSwipeViewController.h; sourceTree = "<group>"; };
		324FF02317CE15A3005B08F4 /* PocketSwipeViewController.m */ = {isa = PBXFileReference; fileEncoding = 4; lastKnownFileType = sourcecode.c.objc; path = PocketSwipeViewController.m; sourceTree = "<group>"; };
		324FF03417CE3E69005B08F4 /* PocketDetailCell.h */ = {isa = PBXFileReference; fileEncoding = 4; lastKnownFileType = sourcecode.c.h; path = PocketDetailCell.h; sourceTree = "<group>"; };
		324FF03517CE3E69005B08F4 /* PocketDetailCell.m */ = {isa = PBXFileReference; fileEncoding = 4; lastKnownFileType = sourcecode.c.objc; path = PocketDetailCell.m; sourceTree = "<group>"; };
		324FF03617CE3E69005B08F4 /* PocketDetailCell.xib */ = {isa = PBXFileReference; fileEncoding = 4; lastKnownFileType = file.xib; path = PocketDetailCell.xib; sourceTree = "<group>"; };
		3268E4BF17CB935100E3D702 /* WelcomeViewController.h */ = {isa = PBXFileReference; fileEncoding = 4; lastKnownFileType = sourcecode.c.h; path = WelcomeViewController.h; sourceTree = "<group>"; };
		3268E4C017CB935100E3D702 /* WelcomeViewController.m */ = {isa = PBXFileReference; fileEncoding = 4; lastKnownFileType = sourcecode.c.objc; path = WelcomeViewController.m; sourceTree = "<group>"; };
		3268E4CD17CB947900E3D702 /* Welcom.storyboard */ = {isa = PBXFileReference; fileEncoding = 4; lastKnownFileType = file.storyboard; path = Welcom.storyboard; sourceTree = "<group>"; };
		3268E4CF17CB96E600E3D702 /* InitialStoryboard.storyboard */ = {isa = PBXFileReference; fileEncoding = 4; lastKnownFileType = file.storyboard; path = InitialStoryboard.storyboard; sourceTree = "<group>"; };
		3268E4D217CBA16E00E3D702 /* UIPocketList.h */ = {isa = PBXFileReference; fileEncoding = 4; lastKnownFileType = sourcecode.c.h; path = UIPocketList.h; sourceTree = "<group>"; };
		3268E4D517CBA23600E3D702 /* UIPocket.h */ = {isa = PBXFileReference; fileEncoding = 4; lastKnownFileType = sourcecode.c.h; path = UIPocket.h; sourceTree = "<group>"; };
		3268E4D617CBA23600E3D702 /* UIPocket.m */ = {isa = PBXFileReference; fileEncoding = 4; lastKnownFileType = sourcecode.c.objc; path = UIPocket.m; sourceTree = "<group>"; };
		32AF667F17C9E63600EF34EC /* Security.framework */ = {isa = PBXFileReference; lastKnownFileType = wrapper.framework; name = Security.framework; path = System/Library/Frameworks/Security.framework; sourceTree = SDKROOT; };
		32AF668717C9E9F000EF34EC /* RandomPocketUI.h */ = {isa = PBXFileReference; lastKnownFileType = sourcecode.c.h; path = RandomPocketUI.h; sourceTree = "<group>"; };
		32D0885517C9DE76007C50CD /* RandomPocket.app */ = {isa = PBXFileReference; explicitFileType = wrapper.application; includeInIndex = 0; path = RandomPocket.app; sourceTree = BUILT_PRODUCTS_DIR; };
		32D0885817C9DE76007C50CD /* UIKit.framework */ = {isa = PBXFileReference; lastKnownFileType = wrapper.framework; name = UIKit.framework; path = System/Library/Frameworks/UIKit.framework; sourceTree = SDKROOT; };
		32D0885A17C9DE76007C50CD /* Foundation.framework */ = {isa = PBXFileReference; lastKnownFileType = wrapper.framework; name = Foundation.framework; path = System/Library/Frameworks/Foundation.framework; sourceTree = SDKROOT; };
		32D0885C17C9DE76007C50CD /* CoreGraphics.framework */ = {isa = PBXFileReference; lastKnownFileType = wrapper.framework; name = CoreGraphics.framework; path = System/Library/Frameworks/CoreGraphics.framework; sourceTree = SDKROOT; };
		32D0886017C9DE76007C50CD /* RandomPocket-Info.plist */ = {isa = PBXFileReference; lastKnownFileType = text.plist.xml; path = "RandomPocket-Info.plist"; sourceTree = "<group>"; };
		32D0886217C9DE76007C50CD /* en */ = {isa = PBXFileReference; lastKnownFileType = text.plist.strings; name = en; path = en.lproj/InfoPlist.strings; sourceTree = "<group>"; };
		32D0886417C9DE76007C50CD /* main.m */ = {isa = PBXFileReference; lastKnownFileType = sourcecode.c.objc; path = main.m; sourceTree = "<group>"; };
		32D0886617C9DE76007C50CD /* RandomPocket-Prefix.pch */ = {isa = PBXFileReference; lastKnownFileType = sourcecode.c.h; path = "RandomPocket-Prefix.pch"; sourceTree = "<group>"; };
		32D0886717C9DE76007C50CD /* AppDelegate.h */ = {isa = PBXFileReference; lastKnownFileType = sourcecode.c.h; path = AppDelegate.h; sourceTree = "<group>"; };
		32D0886817C9DE76007C50CD /* AppDelegate.m */ = {isa = PBXFileReference; lastKnownFileType = sourcecode.c.objc; path = AppDelegate.m; sourceTree = "<group>"; };
		32D0886A17C9DE76007C50CD /* Default.png */ = {isa = PBXFileReference; lastKnownFileType = image.png; path = Default.png; sourceTree = "<group>"; };
		32D0886C17C9DE76007C50CD /* Default@2x.png */ = {isa = PBXFileReference; lastKnownFileType = image.png; path = "Default@2x.png"; sourceTree = "<group>"; };
		32D0886E17C9DE76007C50CD /* Default-568h@2x.png */ = {isa = PBXFileReference; lastKnownFileType = image.png; path = "Default-568h@2x.png"; sourceTree = "<group>"; };
		32D0887E17C9DE76007C50CD /* RandomPocketTests.octest */ = {isa = PBXFileReference; explicitFileType = wrapper.cfbundle; includeInIndex = 0; path = RandomPocketTests.octest; sourceTree = BUILT_PRODUCTS_DIR; };
		32D0887F17C9DE76007C50CD /* SenTestingKit.framework */ = {isa = PBXFileReference; lastKnownFileType = wrapper.framework; name = SenTestingKit.framework; path = Library/Frameworks/SenTestingKit.framework; sourceTree = DEVELOPER_DIR; };
		32D0888717C9DE76007C50CD /* RandomPocketTests-Info.plist */ = {isa = PBXFileReference; lastKnownFileType = text.plist.xml; path = "RandomPocketTests-Info.plist"; sourceTree = "<group>"; };
		32D0888917C9DE76007C50CD /* en */ = {isa = PBXFileReference; lastKnownFileType = text.plist.strings; name = en; path = en.lproj/InfoPlist.strings; sourceTree = "<group>"; };
		32D2FB6717D4B85100BD33DF /* GetPocketsOperation.h */ = {isa = PBXFileReference; fileEncoding = 4; lastKnownFileType = sourcecode.c.h; path = GetPocketsOperation.h; sourceTree = "<group>"; };
		32D2FB6817D4B85100BD33DF /* GetPocketsOperation.m */ = {isa = PBXFileReference; fileEncoding = 4; lastKnownFileType = sourcecode.c.objc; path = GetPocketsOperation.m; sourceTree = "<group>"; };
		3E8066FFAFFF4DA9A5DFBF7A /* Pods-RandomPocketTests.xcconfig */ = {isa = PBXFileReference; includeInIndex = 1; lastKnownFileType = text.xcconfig; name = "Pods-RandomPocketTests.xcconfig"; path = "Pods/Pods-RandomPocketTests.xcconfig"; sourceTree = SOURCE_ROOT; };
		5141E4EB3CC44EA19F7FE6C3 /* libPods.a */ = {isa = PBXFileReference; explicitFileType = archive.ar; includeInIndex = 0; path = libPods.a; sourceTree = BUILT_PRODUCTS_DIR; };
		EA0722CABE2C4784B43F43C2 /* libPods-RandomPocketTests.a */ = {isa = PBXFileReference; explicitFileType = archive.ar; includeInIndex = 0; path = "libPods-RandomPocketTests.a"; sourceTree = BUILT_PRODUCTS_DIR; };
/* End PBXFileReference section */

/* Begin PBXFrameworksBuildPhase section */
		32D0885217C9DE76007C50CD /* Frameworks */ = {
			isa = PBXFrameworksBuildPhase;
			buildActionMask = 2147483647;
			files = (
				178290E5181AD1830093718E /* CFNetwork.framework in Frameworks */,
				178290E3181AD1770093718E /* QuartzCore.framework in Frameworks */,
				17E552CD17D4CF45004E10BE /* CoreData.framework in Frameworks */,
				178F267A17D307A400993DF9 /* libxml2.dylib in Frameworks */,
				32AF668017C9E63600EF34EC /* Security.framework in Frameworks */,
				32D0885917C9DE76007C50CD /* UIKit.framework in Frameworks */,
				32D0885B17C9DE76007C50CD /* Foundation.framework in Frameworks */,
				32D0885D17C9DE76007C50CD /* CoreGraphics.framework in Frameworks */,
				4E10A81F0CBD460F918B067C /* libPods.a in Frameworks */,
			);
			runOnlyForDeploymentPostprocessing = 0;
		};
		32D0887A17C9DE76007C50CD /* Frameworks */ = {
			isa = PBXFrameworksBuildPhase;
			buildActionMask = 2147483647;
			files = (
				170E327B181BC3FF00ECE98F /* CoreData.framework in Frameworks */,
				32D0888017C9DE76007C50CD /* SenTestingKit.framework in Frameworks */,
				32D0888117C9DE76007C50CD /* UIKit.framework in Frameworks */,
				32D0888217C9DE76007C50CD /* Foundation.framework in Frameworks */,
				5076DD4CA3794CCAB7CBDDA2 /* libPods-RandomPocketTests.a in Frameworks */,
			);
			runOnlyForDeploymentPostprocessing = 0;
		};
/* End PBXFrameworksBuildPhase section */

/* Begin PBXGroup section */
		17291EC117CF9A6400B44BBE /* Resources */ = {
			isa = PBXGroup;
			children = (
				17291EC217CF9A6400B44BBE /* Images */,
				17291EC317CF9A6400B44BBE /* Strings */,
			);
			path = Resources;
			sourceTree = "<group>";
		};
		17291EC217CF9A6400B44BBE /* Images */ = {
			isa = PBXGroup;
			children = (
				17C09F8D18279899001435B9 /* check_icon.png */,
				17C09F8E18279899001435B9 /* check_icon@2x.png */,
				17C09F8F18279899001435B9 /* shuffle_icon.png */,
				17C09F9018279899001435B9 /* shuffle_icon@2x.png */,
				17889F171813B46200E09CC0 /* welcome.jpg */,
			);
			path = Images;
			sourceTree = "<group>";
		};
		17291EC317CF9A6400B44BBE /* Strings */ = {
			isa = PBXGroup;
			children = (
				17291EC417CF9A6400B44BBE /* Common.strings */,
				17291EC517CF9A6400B44BBE /* PocketDetail.strings */,
				17291EC617CF9A6400B44BBE /* PocketList.strings */,
				17291EC717CF9A6400B44BBE /* Welcom.strings */,
				17C09F8B18278EF4001435B9 /* PocketSwipeView.strings */,
			);
			path = Strings;
			sourceTree = "<group>";
		};
		17291EDF17CF9FFD00B44BBE /* Utils */ = {
			isa = PBXGroup;
			children = (
				17291EE017CF9FFD00B44BBE /* HTMLBodyParser */,
			);
			path = Utils;
			sourceTree = "<group>";
		};
		17291EE017CF9FFD00B44BBE /* HTMLBodyParser */ = {
			isa = PBXGroup;
			children = (
				17291EE117CFA01000B44BBE /* HTMLBodyParser.h */,
				17291EE217CFA01000B44BBE /* HTMLBodyParser.m */,
			);
			path = HTMLBodyParser;
			sourceTree = "<group>";
		};
		178F268217D3081800993DF9 /* Libraries */ = {
			isa = PBXGroup;
			children = (
				178F268317D3081800993DF9 /* HTMLParser */,
			);
			path = Libraries;
			sourceTree = "<group>";
		};
		178F268317D3081800993DF9 /* HTMLParser */ = {
			isa = PBXGroup;
			children = (
				178F268417D3081800993DF9 /* HTMLNode.h */,
				178F268517D3081800993DF9 /* HTMLNode.m */,
				178F268617D3081800993DF9 /* HTMLParser.h */,
				178F268717D3081800993DF9 /* HTMLParser.m */,
			);
			path = HTMLParser;
			sourceTree = "<group>";
		};
		17DE5386181B8FCC00AB1E8E /* Classes */ = {
			isa = PBXGroup;
			children = (
				17DE5387181B8FCC00AB1E8E /* UI */,
			);
			path = Classes;
			sourceTree = "<group>";
		};
		17DE5387181B8FCC00AB1E8E /* UI */ = {
			isa = PBXGroup;
			children = (
				17DE5388181B8FCC00AB1E8E /* Model */,
			);
			path = UI;
			sourceTree = "<group>";
		};
		17DE5388181B8FCC00AB1E8E /* Model */ = {
			isa = PBXGroup;
			children = (
				17DE5389181B903600AB1E8E /* UIPocketListSpec.m */,
			);
			path = Model;
			sourceTree = "<group>";
		};
		17E552D417D4D0A4004E10BE /* Entities */ = {
			isa = PBXGroup;
			children = (
				175264031821597D00D7FFB8 /* CPocket.h */,
				175264041821597D00D7FFB8 /* CPocket.m */,
			);
			path = Entities;
			sourceTree = "<group>";
		};
		324FF00917CD77DC005B08F4 /* Core */ = {
			isa = PBXGroup;
			children = (
				17291ECC17CF9B2D00B44BBE /* RandomPocketCore.h */,
				1778CFAD17D8B5A900A20E4B /* NSManagedObjectContext+RandomPocket.h */,
				1778CFAE17D8B5AA00A20E4B /* NSManagedObjectContext+RandomPocket.m */,
				324FF00A17CD77DC005B08F4 /* Model */,
				324FF00C17CD77DC005B08F4 /* Operations */,
			);
			path = Core;
			sourceTree = "<group>";
		};
		324FF00A17CD77DC005B08F4 /* Model */ = {
			isa = PBXGroup;
			children = (
				17E552D417D4D0A4004E10BE /* Entities */,
				17E552D117D4D096004E10BE /* RandomPocket.xcdatamodeld */,
			);
			path = Model;
			sourceTree = "<group>";
		};
		324FF00C17CD77DC005B08F4 /* Operations */ = {
			isa = PBXGroup;
			children = (
				32D2FB6717D4B85100BD33DF /* GetPocketsOperation.h */,
				32D2FB6817D4B85100BD33DF /* GetPocketsOperation.m */,
				17FF531F17E572C300FF3098 /* ActionToPocketOperation.h */,
				17FF532017E572C300FF3098 /* ActionToPocketOperation.m */,
			);
			path = Operations;
			sourceTree = "<group>";
		};
		324FF00E17CE14EF005B08F4 /* Main */ = {
			isa = PBXGroup;
			children = (
				324FF02017CE1516005B08F4 /* Main.storyboard */,
				324FF01217CE14EF005B08F4 /* PocketList */,
				324FF01A17CE14EF005B08F4 /* PocketSwipe */,
			);
			path = Main;
			sourceTree = "<group>";
		};
		324FF01217CE14EF005B08F4 /* PocketList */ = {
			isa = PBXGroup;
			children = (
				324FF01417CE14EF005B08F4 /* PocketListCell */,
				324FF01817CE14EF005B08F4 /* PocketListViewController.h */,
				324FF01917CE14EF005B08F4 /* PocketListViewController.m */,
			);
			path = PocketList;
			sourceTree = "<group>";
		};
		324FF01417CE14EF005B08F4 /* PocketListCell */ = {
			isa = PBXGroup;
			children = (
				324FF01517CE14EF005B08F4 /* PocketListCell.h */,
				324FF01617CE14EF005B08F4 /* PocketListCell.m */,
				324FF01717CE14EF005B08F4 /* PocketListCell.xib */,
			);
			path = PocketListCell;
			sourceTree = "<group>";
		};
		324FF01A17CE14EF005B08F4 /* PocketSwipe */ = {
			isa = PBXGroup;
			children = (
				324FF02217CE15A3005B08F4 /* PocketSwipeViewController.h */,
				324FF02317CE15A3005B08F4 /* PocketSwipeViewController.m */,
				324FF03317CE3E69005B08F4 /* PocketDetailCell */,
			);
			path = PocketSwipe;
			sourceTree = "<group>";
		};
		324FF03317CE3E69005B08F4 /* PocketDetailCell */ = {
			isa = PBXGroup;
			children = (
				324FF03417CE3E69005B08F4 /* PocketDetailCell.h */,
				324FF03517CE3E69005B08F4 /* PocketDetailCell.m */,
				324FF03617CE3E69005B08F4 /* PocketDetailCell.xib */,
			);
			path = PocketDetailCell;
			sourceTree = "<group>";
		};
		3268E4BE17CB935100E3D702 /* Welcome */ = {
			isa = PBXGroup;
			children = (
				3268E4CD17CB947900E3D702 /* Welcom.storyboard */,
				3268E4BF17CB935100E3D702 /* WelcomeViewController.h */,
				3268E4C017CB935100E3D702 /* WelcomeViewController.m */,
			);
			path = Welcome;
			sourceTree = "<group>";
		};
		3268E4D117CBA13C00E3D702 /* Model */ = {
			isa = PBXGroup;
			children = (
				3268E4D217CBA16E00E3D702 /* UIPocketList.h */,
				17922AAC17D3226200AF2FD3 /* UIPocketList.m */,
				3268E4D517CBA23600E3D702 /* UIPocket.h */,
				3268E4D617CBA23600E3D702 /* UIPocket.m */,
			);
			path = Model;
			sourceTree = "<group>";
		};
		32AF668117C9E8D200EF34EC /* Classes */ = {
			isa = PBXGroup;
			children = (
				324FF00917CD77DC005B08F4 /* Core */,
				32AF668517C9E8D200EF34EC /* UI */,
				178F268217D3081800993DF9 /* Libraries */,
			);
			path = Classes;
			sourceTree = "<group>";
		};
		32AF668517C9E8D200EF34EC /* UI */ = {
			isa = PBXGroup;
			children = (
				3268E4CF17CB96E600E3D702 /* InitialStoryboard.storyboard */,
				32AF668717C9E9F000EF34EC /* RandomPocketUI.h */,
				324FEFF917CCEB2B005B08F4 /* RPColor.h */,
				324FEFFA17CCEB2B005B08F4 /* RPColor.m */,
				17291EDF17CF9FFD00B44BBE /* Utils */,
				3268E4D117CBA13C00E3D702 /* Model */,
				32AF668817C9EF9600EF34EC /* Parts */,
				32AF668A17C9EF9600EF34EC /* Views */,
				32AF668E17C9EF9600EF34EC /* Wizards */,
			);
			path = UI;
			sourceTree = "<group>";
		};
		32AF668817C9EF9600EF34EC /* Parts */ = {
			isa = PBXGroup;
			children = (
			);
			path = Parts;
			sourceTree = "<group>";
		};
		32AF668A17C9EF9600EF34EC /* Views */ = {
			isa = PBXGroup;
			children = (
				17C09F881827664F001435B9 /* UIViewController+RandomPocket.h */,
				17C09F891827664F001435B9 /* UIViewController+RandomPocket.m */,
				3268E4BE17CB935100E3D702 /* Welcome */,
				324FF00E17CE14EF005B08F4 /* Main */,
			);
			path = Views;
			sourceTree = "<group>";
		};
		32AF668E17C9EF9600EF34EC /* Wizards */ = {
			isa = PBXGroup;
			children = (
			);
			path = Wizards;
			sourceTree = "<group>";
		};
		32D0884C17C9DE76007C50CD = {
			isa = PBXGroup;
			children = (
				32D0885E17C9DE76007C50CD /* RandomPocket */,
				32D0888517C9DE76007C50CD /* RandomPocketTests */,
				32D0885717C9DE76007C50CD /* Frameworks */,
				32D0885617C9DE76007C50CD /* Products */,
				0C6ED4897690439088DDDEE1 /* Pods.xcconfig */,
				3E8066FFAFFF4DA9A5DFBF7A /* Pods-RandomPocketTests.xcconfig */,
			);
			sourceTree = "<group>";
		};
		32D0885617C9DE76007C50CD /* Products */ = {
			isa = PBXGroup;
			children = (
				32D0885517C9DE76007C50CD /* RandomPocket.app */,
				32D0887E17C9DE76007C50CD /* RandomPocketTests.octest */,
			);
			name = Products;
			sourceTree = "<group>";
		};
		32D0885717C9DE76007C50CD /* Frameworks */ = {
			isa = PBXGroup;
			children = (
				178290E4181AD1830093718E /* CFNetwork.framework */,
				178290E2181AD1770093718E /* QuartzCore.framework */,
				17E552CC17D4CF45004E10BE /* CoreData.framework */,
				178F267917D307A400993DF9 /* libxml2.dylib */,
				32AF667F17C9E63600EF34EC /* Security.framework */,
				32D0885817C9DE76007C50CD /* UIKit.framework */,
				32D0885A17C9DE76007C50CD /* Foundation.framework */,
				32D0885C17C9DE76007C50CD /* CoreGraphics.framework */,
				32D0887F17C9DE76007C50CD /* SenTestingKit.framework */,
				5141E4EB3CC44EA19F7FE6C3 /* libPods.a */,
				EA0722CABE2C4784B43F43C2 /* libPods-RandomPocketTests.a */,
			);
			name = Frameworks;
			sourceTree = "<group>";
		};
		32D0885E17C9DE76007C50CD /* RandomPocket */ = {
			isa = PBXGroup;
			children = (
				32D0886717C9DE76007C50CD /* AppDelegate.h */,
				32D0886817C9DE76007C50CD /* AppDelegate.m */,
				32AF668117C9E8D200EF34EC /* Classes */,
				17291EC117CF9A6400B44BBE /* Resources */,
				32D0885F17C9DE76007C50CD /* Supporting Files */,
			);
			path = RandomPocket;
			sourceTree = "<group>";
		};
		32D0885F17C9DE76007C50CD /* Supporting Files */ = {
			isa = PBXGroup;
			children = (
				32D0886017C9DE76007C50CD /* RandomPocket-Info.plist */,
				32D0886117C9DE76007C50CD /* InfoPlist.strings */,
				32D0886417C9DE76007C50CD /* main.m */,
				32D0886617C9DE76007C50CD /* RandomPocket-Prefix.pch */,
				32D0886A17C9DE76007C50CD /* Default.png */,
				32D0886C17C9DE76007C50CD /* Default@2x.png */,
				32D0886E17C9DE76007C50CD /* Default-568h@2x.png */,
			);
			name = "Supporting Files";
			sourceTree = "<group>";
		};
		32D0888517C9DE76007C50CD /* RandomPocketTests */ = {
			isa = PBXGroup;
			children = (
				17DE5386181B8FCC00AB1E8E /* Classes */,
				32D0888617C9DE76007C50CD /* Supporting Files */,
			);
			path = RandomPocketTests;
			sourceTree = "<group>";
		};
		32D0888617C9DE76007C50CD /* Supporting Files */ = {
			isa = PBXGroup;
			children = (
				32D0888717C9DE76007C50CD /* RandomPocketTests-Info.plist */,
				32D0888817C9DE76007C50CD /* InfoPlist.strings */,
			);
			name = "Supporting Files";
			sourceTree = "<group>";
		};
/* End PBXGroup section */

/* Begin PBXNativeTarget section */
		32D0885417C9DE76007C50CD /* RandomPocket */ = {
			isa = PBXNativeTarget;
			buildConfigurationList = 32D0889017C9DE76007C50CD /* Build configuration list for PBXNativeTarget "RandomPocket" */;
			buildPhases = (
				37BE4F85317A4D38AC1A05A1 /* Check Pods Manifest.lock */,
				32D0885117C9DE76007C50CD /* Sources */,
				32D0885217C9DE76007C50CD /* Frameworks */,
				32D0885317C9DE76007C50CD /* Resources */,
				F784F9E15A7B47ED85F7C3E5 /* Copy Pods Resources */,
			);
			buildRules = (
			);
			dependencies = (
			);
			name = RandomPocket;
			productName = RandomPocket;
			productReference = 32D0885517C9DE76007C50CD /* RandomPocket.app */;
			productType = "com.apple.product-type.application";
		};
		32D0887D17C9DE76007C50CD /* RandomPocketTests */ = {
			isa = PBXNativeTarget;
			buildConfigurationList = 32D0889317C9DE76007C50CD /* Build configuration list for PBXNativeTarget "RandomPocketTests" */;
			buildPhases = (
				3C1E5BA02FA444BF9275D5F2 /* Check Pods Manifest.lock */,
				32D0887917C9DE76007C50CD /* Sources */,
				32D0887A17C9DE76007C50CD /* Frameworks */,
				32D0887B17C9DE76007C50CD /* Resources */,
				32D0887C17C9DE76007C50CD /* ShellScript */,
				396B93A29F3F43F39D4614E8 /* Copy Pods Resources */,
			);
			buildRules = (
			);
			dependencies = (
				32D0888417C9DE76007C50CD /* PBXTargetDependency */,
			);
			name = RandomPocketTests;
			productName = RandomPocketTests;
			productReference = 32D0887E17C9DE76007C50CD /* RandomPocketTests.octest */;
			productType = "com.apple.product-type.bundle";
		};
/* End PBXNativeTarget section */

/* Begin PBXProject section */
		32D0884D17C9DE76007C50CD /* Project object */ = {
			isa = PBXProject;
			attributes = {
				LastUpgradeCheck = 0460;
				ORGANIZATIONNAME = RyoAbe;
				TargetAttributes = {
					32D0885417C9DE76007C50CD = {
						DevelopmentTeam = 73VBXUT85B;
					};
					32D0887D17C9DE76007C50CD = {
						TestTargetID = 32D0885417C9DE76007C50CD;
					};
				};
			};
			buildConfigurationList = 32D0885017C9DE76007C50CD /* Build configuration list for PBXProject "RandomPocket" */;
			compatibilityVersion = "Xcode 3.2";
			developmentRegion = English;
			hasScannedForEncodings = 0;
			knownRegions = (
				en,
			);
			mainGroup = 32D0884C17C9DE76007C50CD;
			productRefGroup = 32D0885617C9DE76007C50CD /* Products */;
			projectDirPath = "";
			projectRoot = "";
			targets = (
				32D0885417C9DE76007C50CD /* RandomPocket */,
				32D0887D17C9DE76007C50CD /* RandomPocketTests */,
			);
		};
/* End PBXProject section */

/* Begin PBXResourcesBuildPhase section */
		32D0885317C9DE76007C50CD /* Resources */ = {
			isa = PBXResourcesBuildPhase;
			buildActionMask = 2147483647;
			files = (
				17C09F9218279899001435B9 /* check_icon@2x.png in Resources */,
				17C09F9418279899001435B9 /* shuffle_icon@2x.png in Resources */,
				32D0886317C9DE76007C50CD /* InfoPlist.strings in Resources */,
				32D0886B17C9DE76007C50CD /* Default.png in Resources */,
				32D0886D17C9DE76007C50CD /* Default@2x.png in Resources */,
				17C09F8C18278EF4001435B9 /* PocketSwipeView.strings in Resources */,
				32D0886F17C9DE76007C50CD /* Default-568h@2x.png in Resources */,
				3268E4CE17CB947900E3D702 /* Welcom.storyboard in Resources */,
				3268E4D017CB96E600E3D702 /* InitialStoryboard.storyboard in Resources */,
				17C09F9118279899001435B9 /* check_icon.png in Resources */,
				324FF01E17CE14EF005B08F4 /* PocketListCell.xib in Resources */,
				17C09F9318279899001435B9 /* shuffle_icon.png in Resources */,
				324FF02117CE1516005B08F4 /* Main.storyboard in Resources */,
				17889F181813B46200E09CC0 /* welcome.jpg in Resources */,
				324FF03817CE3E69005B08F4 /* PocketDetailCell.xib in Resources */,
				17291EC817CF9A6400B44BBE /* Common.strings in Resources */,
				17291EC917CF9A6400B44BBE /* PocketDetail.strings in Resources */,
				17291ECA17CF9A6400B44BBE /* PocketList.strings in Resources */,
				17291ECB17CF9A6400B44BBE /* Welcom.strings in Resources */,
			);
			runOnlyForDeploymentPostprocessing = 0;
		};
		32D0887B17C9DE76007C50CD /* Resources */ = {
			isa = PBXResourcesBuildPhase;
			buildActionMask = 2147483647;
			files = (
				32D0888A17C9DE76007C50CD /* InfoPlist.strings in Resources */,
			);
			runOnlyForDeploymentPostprocessing = 0;
		};
/* End PBXResourcesBuildPhase section */

/* Begin PBXShellScriptBuildPhase section */
		32D0887C17C9DE76007C50CD /* ShellScript */ = {
			isa = PBXShellScriptBuildPhase;
			buildActionMask = 2147483647;
			files = (
			);
			inputPaths = (
			);
			outputPaths = (
			);
			runOnlyForDeploymentPostprocessing = 0;
			shellPath = /bin/sh;
			shellScript = "# Run the unit tests in this test bundle.\n\"${SYSTEM_DEVELOPER_DIR}/Tools/RunUnitTests\"\n";
		};
		37BE4F85317A4D38AC1A05A1 /* Check Pods Manifest.lock */ = {
			isa = PBXShellScriptBuildPhase;
			buildActionMask = 2147483647;
			files = (
			);
			inputPaths = (
			);
			name = "Check Pods Manifest.lock";
			outputPaths = (
			);
			runOnlyForDeploymentPostprocessing = 0;
			shellPath = /bin/sh;
			shellScript = "diff \"${PODS_ROOT}/../Podfile.lock\" \"${PODS_ROOT}/Manifest.lock\" > /dev/null\nif [[ $? != 0 ]] ; then\n    cat << EOM\nerror: The sandbox is not in sync with the Podfile.lock. Run 'pod install' or update your CocoaPods installation.\nEOM\n    exit 1\nfi\n";
			showEnvVarsInLog = 0;
		};
		396B93A29F3F43F39D4614E8 /* Copy Pods Resources */ = {
			isa = PBXShellScriptBuildPhase;
			buildActionMask = 2147483647;
			files = (
			);
			inputPaths = (
			);
			name = "Copy Pods Resources";
			outputPaths = (
			);
			runOnlyForDeploymentPostprocessing = 0;
			shellPath = /bin/sh;
			shellScript = "\"${SRCROOT}/Pods/Pods-RandomPocketTests-resources.sh\"\n";
			showEnvVarsInLog = 0;
		};
		3C1E5BA02FA444BF9275D5F2 /* Check Pods Manifest.lock */ = {
			isa = PBXShellScriptBuildPhase;
			buildActionMask = 2147483647;
			files = (
			);
			inputPaths = (
			);
			name = "Check Pods Manifest.lock";
			outputPaths = (
			);
			runOnlyForDeploymentPostprocessing = 0;
			shellPath = /bin/sh;
			shellScript = "diff \"${PODS_ROOT}/../Podfile.lock\" \"${PODS_ROOT}/Manifest.lock\" > /dev/null\nif [[ $? != 0 ]] ; then\n    cat << EOM\nerror: The sandbox is not in sync with the Podfile.lock. Run 'pod install' or update your CocoaPods installation.\nEOM\n    exit 1\nfi\n";
			showEnvVarsInLog = 0;
		};
		F784F9E15A7B47ED85F7C3E5 /* Copy Pods Resources */ = {
			isa = PBXShellScriptBuildPhase;
			buildActionMask = 2147483647;
			files = (
			);
			inputPaths = (
			);
			name = "Copy Pods Resources";
			outputPaths = (
			);
			runOnlyForDeploymentPostprocessing = 0;
			shellPath = /bin/sh;
			shellScript = "\"${SRCROOT}/Pods/Pods-resources.sh\"\n";
			showEnvVarsInLog = 0;
		};
/* End PBXShellScriptBuildPhase section */

/* Begin PBXSourcesBuildPhase section */
		32D0885117C9DE76007C50CD /* Sources */ = {
			isa = PBXSourcesBuildPhase;
			buildActionMask = 2147483647;
			files = (
				32D0886517C9DE76007C50CD /* main.m in Sources */,
				32D0886917C9DE76007C50CD /* AppDelegate.m in Sources */,
				3268E4C117CB935100E3D702 /* WelcomeViewController.m in Sources */,
				3268E4D717CBA23600E3D702 /* UIPocket.m in Sources */,
				324FEFFB17CCEB2B005B08F4 /* RPColor.m in Sources */,
				324FF01D17CE14EF005B08F4 /* PocketListCell.m in Sources */,
				324FF01F17CE14EF005B08F4 /* PocketListViewController.m in Sources */,
				324FF02417CE15A3005B08F4 /* PocketSwipeViewController.m in Sources */,
				17FF532117E572C300FF3098 /* ActionToPocketOperation.m in Sources */,
				324FF03717CE3E69005B08F4 /* PocketDetailCell.m in Sources */,
				17291EE317CFA01000B44BBE /* HTMLBodyParser.m in Sources */,
				17C09F8A1827664F001435B9 /* UIViewController+RandomPocket.m in Sources */,
				178F268817D3081800993DF9 /* HTMLNode.m in Sources */,
				178F268917D3081800993DF9 /* HTMLParser.m in Sources */,
				17922AAD17D3226200AF2FD3 /* UIPocketList.m in Sources */,
				32D2FB6917D4B85100BD33DF /* GetPocketsOperation.m in Sources */,
				17E552D317D4D096004E10BE /* RandomPocket.xcdatamodeld in Sources */,
				175264051821597D00D7FFB8 /* CPocket.m in Sources */,
				1778CFAF17D8B5AA00A20E4B /* NSManagedObjectContext+RandomPocket.m in Sources */,
			);
			runOnlyForDeploymentPostprocessing = 0;
		};
		32D0887917C9DE76007C50CD /* Sources */ = {
			isa = PBXSourcesBuildPhase;
			buildActionMask = 2147483647;
			files = (
				17DE538A181B903600AB1E8E /* UIPocketListSpec.m in Sources */,
				17CBEFA2182499B5008CF416 /* UIPocketList.m in Sources */,
				17CBEFA3182499CE008CF416 /* UIPocket.m in Sources */,
			);
			runOnlyForDeploymentPostprocessing = 0;
		};
/* End PBXSourcesBuildPhase section */

/* Begin PBXTargetDependency section */
		32D0888417C9DE76007C50CD /* PBXTargetDependency */ = {
			isa = PBXTargetDependency;
			target = 32D0885417C9DE76007C50CD /* RandomPocket */;
			targetProxy = 32D0888317C9DE76007C50CD /* PBXContainerItemProxy */;
		};
/* End PBXTargetDependency section */

/* Begin PBXVariantGroup section */
		32D0886117C9DE76007C50CD /* InfoPlist.strings */ = {
			isa = PBXVariantGroup;
			children = (
				32D0886217C9DE76007C50CD /* en */,
			);
			name = InfoPlist.strings;
			sourceTree = "<group>";
		};
		32D0888817C9DE76007C50CD /* InfoPlist.strings */ = {
			isa = PBXVariantGroup;
			children = (
				32D0888917C9DE76007C50CD /* en */,
			);
			name = InfoPlist.strings;
			sourceTree = "<group>";
		};
/* End PBXVariantGroup section */

/* Begin XCBuildConfiguration section */
		32D0888E17C9DE76007C50CD /* Debug */ = {
			isa = XCBuildConfiguration;
			buildSettings = {
				ALWAYS_SEARCH_USER_PATHS = NO;
				CLANG_CXX_LANGUAGE_STANDARD = "gnu++0x";
				CLANG_CXX_LIBRARY = "libc++";
				CLANG_ENABLE_OBJC_ARC = YES;
				CLANG_WARN_CONSTANT_CONVERSION = YES;
				CLANG_WARN_EMPTY_BODY = YES;
				CLANG_WARN_ENUM_CONVERSION = YES;
				CLANG_WARN_INT_CONVERSION = YES;
				CLANG_WARN__DUPLICATE_METHOD_MATCH = YES;
				"CODE_SIGN_IDENTITY[sdk=iphoneos*]" = "iPhone Developer";
				COPY_PHASE_STRIP = NO;
				GCC_C_LANGUAGE_STANDARD = gnu99;
				GCC_DYNAMIC_NO_PIC = NO;
				GCC_OPTIMIZATION_LEVEL = 0;
				GCC_PREPROCESSOR_DEFINITIONS = (
					"DEBUG=1",
					"$(inherited)",
				);
				GCC_SYMBOLS_PRIVATE_EXTERN = NO;
				GCC_WARN_ABOUT_RETURN_TYPE = YES;
				GCC_WARN_UNINITIALIZED_AUTOS = YES;
				GCC_WARN_UNUSED_VARIABLE = YES;
				IPHONEOS_DEPLOYMENT_TARGET = 6.1;
				ONLY_ACTIVE_ARCH = YES;
				SDKROOT = iphoneos;
				TARGETED_DEVICE_FAMILY = "1,2";
			};
			name = Debug;
		};
		32D0888F17C9DE76007C50CD /* Release */ = {
			isa = XCBuildConfiguration;
			buildSettings = {
				ALWAYS_SEARCH_USER_PATHS = NO;
				CLANG_CXX_LANGUAGE_STANDARD = "gnu++0x";
				CLANG_CXX_LIBRARY = "libc++";
				CLANG_ENABLE_OBJC_ARC = YES;
				CLANG_WARN_CONSTANT_CONVERSION = YES;
				CLANG_WARN_EMPTY_BODY = YES;
				CLANG_WARN_ENUM_CONVERSION = YES;
				CLANG_WARN_INT_CONVERSION = YES;
				CLANG_WARN__DUPLICATE_METHOD_MATCH = YES;
				"CODE_SIGN_IDENTITY[sdk=iphoneos*]" = "iPhone Developer";
				COPY_PHASE_STRIP = YES;
				GCC_C_LANGUAGE_STANDARD = gnu99;
				GCC_WARN_ABOUT_RETURN_TYPE = YES;
				GCC_WARN_UNINITIALIZED_AUTOS = YES;
				GCC_WARN_UNUSED_VARIABLE = YES;
				IPHONEOS_DEPLOYMENT_TARGET = 6.1;
				OTHER_CFLAGS = "-DNS_BLOCK_ASSERTIONS=1";
				SDKROOT = iphoneos;
				TARGETED_DEVICE_FAMILY = "1,2";
				VALIDATE_PRODUCT = YES;
			};
			name = Release;
		};
		32D0889117C9DE76007C50CD /* Debug */ = {
			isa = XCBuildConfiguration;
			baseConfigurationReference = 0C6ED4897690439088DDDEE1 /* Pods.xcconfig */;
			buildSettings = {
				CODE_SIGN_IDENTITY = "iPhone Developer";
				"CODE_SIGN_IDENTITY[sdk=iphoneos*]" = "iPhone Developer";
				FRAMEWORK_SEARCH_PATHS = (
					"$(inherited)",
					"$(SYSTEM_APPS_DIR)/Reveal.app/Contents/SharedSupport/iOS-Libraries",
				);
				GCC_PRECOMPILE_PREFIX_HEADER = YES;
				GCC_PREFIX_HEADER = "RandomPocket/RandomPocket-Prefix.pch";
				HEADER_SEARCH_PATHS = (
					"\"${PODS_ROOT}/Headers\"",
					"\"${PODS_ROOT}/Headers/BlocksKit\"",
					"\"${PODS_ROOT}/Headers/Kiwi\"",
					"\"${PODS_ROOT}/Headers/MBProgressHUD\"",
					"\"${PODS_ROOT}/Headers/OCMock\"",
					"\"${PODS_ROOT}/Headers/PocketAPI\"",
					"\"${PODS_ROOT}/Headers/Reachability\"",
					"\"${PODS_ROOT}/Headers/Toast\"",
					"\"${PODS_ROOT}/Headers/libffi\"",
					/usr/include/libxml2,
				);
				INFOPLIST_FILE = "RandomPocket/RandomPocket-Info.plist";
				IPHONEOS_DEPLOYMENT_TARGET = 6.0;
				ONLY_ACTIVE_ARCH = YES;
				PRODUCT_NAME = "$(TARGET_NAME)";
				PROVISIONING_PROFILE = "";
				"PROVISIONING_PROFILE[sdk=iphoneos*]" = "";
				TARGETED_DEVICE_FAMILY = 1;
				WRAPPER_EXTENSION = app;
			};
			name = Debug;
		};
		32D0889217C9DE76007C50CD /* Release */ = {
			isa = XCBuildConfiguration;
			baseConfigurationReference = 0C6ED4897690439088DDDEE1 /* Pods.xcconfig */;
			buildSettings = {
				CODE_SIGN_IDENTITY = "iPhone Developer";
				"CODE_SIGN_IDENTITY[sdk=iphoneos*]" = "iPhone Developer";
				FRAMEWORK_SEARCH_PATHS = (
					"$(inherited)",
					"$(SYSTEM_APPS_DIR)/Reveal.app/Contents/SharedSupport/iOS-Libraries",
				);
				GCC_PRECOMPILE_PREFIX_HEADER = YES;
				GCC_PREFIX_HEADER = "RandomPocket/RandomPocket-Prefix.pch";
				HEADER_SEARCH_PATHS = (
					"\"${PODS_ROOT}/Headers\"",
					"\"${PODS_ROOT}/Headers/BlocksKit\"",
					"\"${PODS_ROOT}/Headers/Kiwi\"",
					"\"${PODS_ROOT}/Headers/MBProgressHUD\"",
					"\"${PODS_ROOT}/Headers/OCMock\"",
					"\"${PODS_ROOT}/Headers/PocketAPI\"",
					"\"${PODS_ROOT}/Headers/Reachability\"",
					"\"${PODS_ROOT}/Headers/Toast\"",
					"\"${PODS_ROOT}/Headers/libffi\"",
					/usr/include/libxml2,
				);
				INFOPLIST_FILE = "RandomPocket/RandomPocket-Info.plist";
				IPHONEOS_DEPLOYMENT_TARGET = 6.0;
				ONLY_ACTIVE_ARCH = YES;
				PRODUCT_NAME = "$(TARGET_NAME)";
				PROVISIONING_PROFILE = "";
				"PROVISIONING_PROFILE[sdk=iphoneos*]" = "";
				TARGETED_DEVICE_FAMILY = 1;
				WRAPPER_EXTENSION = app;
			};
			name = Release;
		};
		32D0889417C9DE76007C50CD /* Debug */ = {
			isa = XCBuildConfiguration;
			baseConfigurationReference = 3E8066FFAFFF4DA9A5DFBF7A /* Pods-RandomPocketTests.xcconfig */;
			buildSettings = {
				BUNDLE_LOADER = "$(BUILT_PRODUCTS_DIR)/RandomPocket.app/RandomPocket";
				FRAMEWORK_SEARCH_PATHS = (
					"\"$(SDKROOT)/Developer/Library/Frameworks\"",
					"\"$(DEVELOPER_LIBRARY_DIR)/Frameworks\"",
				);
				GCC_PRECOMPILE_PREFIX_HEADER = YES;
				GCC_PREFIX_HEADER = "RandomPocket/RandomPocket-Prefix.pch";
				INFOPLIST_FILE = "RandomPocketTests/RandomPocketTests-Info.plist";
				PRODUCT_NAME = "$(TARGET_NAME)";
				TEST_HOST = "$(BUNDLE_LOADER)";
				WRAPPER_EXTENSION = octest;
			};
			name = Debug;
		};
		32D0889517C9DE76007C50CD /* Release */ = {
			isa = XCBuildConfiguration;
			baseConfigurationReference = 3E8066FFAFFF4DA9A5DFBF7A /* Pods-RandomPocketTests.xcconfig */;
			buildSettings = {
				BUNDLE_LOADER = "$(BUILT_PRODUCTS_DIR)/RandomPocket.app/RandomPocket";
				FRAMEWORK_SEARCH_PATHS = (
					"\"$(SDKROOT)/Developer/Library/Frameworks\"",
					"\"$(DEVELOPER_LIBRARY_DIR)/Frameworks\"",
				);
				GCC_PRECOMPILE_PREFIX_HEADER = YES;
				GCC_PREFIX_HEADER = "RandomPocket/RandomPocket-Prefix.pch";
				INFOPLIST_FILE = "RandomPocketTests/RandomPocketTests-Info.plist";
				PRODUCT_NAME = "$(TARGET_NAME)";
				TEST_HOST = "$(BUNDLE_LOADER)";
				WRAPPER_EXTENSION = octest;
			};
			name = Release;
		};
/* End XCBuildConfiguration section */

/* Begin XCConfigurationList section */
		32D0885017C9DE76007C50CD /* Build configuration list for PBXProject "RandomPocket" */ = {
			isa = XCConfigurationList;
			buildConfigurations = (
				32D0888E17C9DE76007C50CD /* Debug */,
				32D0888F17C9DE76007C50CD /* Release */,
			);
			defaultConfigurationIsVisible = 0;
			defaultConfigurationName = Release;
		};
		32D0889017C9DE76007C50CD /* Build configuration list for PBXNativeTarget "RandomPocket" */ = {
			isa = XCConfigurationList;
			buildConfigurations = (
				32D0889117C9DE76007C50CD /* Debug */,
				32D0889217C9DE76007C50CD /* Release */,
			);
			defaultConfigurationIsVisible = 0;
			defaultConfigurationName = Release;
		};
		32D0889317C9DE76007C50CD /* Build configuration list for PBXNativeTarget "RandomPocketTests" */ = {
			isa = XCConfigurationList;
			buildConfigurations = (
				32D0889417C9DE76007C50CD /* Debug */,
				32D0889517C9DE76007C50CD /* Release */,
			);
			defaultConfigurationIsVisible = 0;
			defaultConfigurationName = Release;
		};
/* End XCConfigurationList section */

/* Begin XCVersionGroup section */
		17E552D117D4D096004E10BE /* RandomPocket.xcdatamodeld */ = {
			isa = XCVersionGroup;
			children = (
				17E552D217D4D096004E10BE /* RandomPocket.xcdatamodel */,
			);
			currentVersion = 17E552D217D4D096004E10BE /* RandomPocket.xcdatamodel */;
			path = RandomPocket.xcdatamodeld;
			sourceTree = "<group>";
			versionGroupType = wrapper.xcdatamodel;
		};
/* End XCVersionGroup section */
	};
	rootObject = 32D0884D17C9DE76007C50CD /* Project object */;
}
